// !$*UTF8*$!
{
	archiveVersion = 1;
	classes = {
	};
	objectVersion = 46;
	objects = {

/* Begin PBXBuildFile section */
		1C7ACF741B8F00D1004AED95 /* main.m in Sources */ = {isa = PBXBuildFile; fileRef = 1C7ACF731B8F00D1004AED95 /* main.m */; };
		1C7ACF771B8F00D1004AED95 /* AppDelegate.m in Sources */ = {isa = PBXBuildFile; fileRef = 1C7ACF761B8F00D1004AED95 /* AppDelegate.m */; };
		1C7ACF7A1B8F00D1004AED95 /* ViewController.m in Sources */ = {isa = PBXBuildFile; fileRef = 1C7ACF791B8F00D1004AED95 /* ViewController.m */; };
		1C7ACF7D1B8F00D1004AED95 /* Main.storyboard in Resources */ = {isa = PBXBuildFile; fileRef = 1C7ACF7B1B8F00D1004AED95 /* Main.storyboard */; };
		1C7ACF7F1B8F00D1004AED95 /* Images.xcassets in Resources */ = {isa = PBXBuildFile; fileRef = 1C7ACF7E1B8F00D1004AED95 /* Images.xcassets */; };
		1C7ACF821B8F00D1004AED95 /* LaunchScreen.xib in Resources */ = {isa = PBXBuildFile; fileRef = 1C7ACF801B8F00D1004AED95 /* LaunchScreen.xib */; };
		1C7ACF8E1B8F00D1004AED95 /* CRCityPickerTests.m in Sources */ = {isa = PBXBuildFile; fileRef = 1C7ACF8D1B8F00D1004AED95 /* CRCityPickerTests.m */; };
/* End PBXBuildFile section */

/* Begin PBXContainerItemProxy section */
		1C7ACF881B8F00D1004AED95 /* PBXContainerItemProxy */ = {
			isa = PBXContainerItemProxy;
			containerPortal = 1C7ACF661B8F00D1004AED95 /* Project object */;
			proxyType = 1;
			remoteGlobalIDString = 1C7ACF6D1B8F00D1004AED95;
			remoteInfo = CRCityPicker;
		};
/* End PBXContainerItemProxy section */

/* Begin PBXFileReference section */
		1C7ACF6E1B8F00D1004AED95 /* CRCityPicker.app */ = {isa = PBXFileReference; explicitFileType = wrapper.application; includeInIndex = 0; path = CRCityPicker.app; sourceTree = BUILT_PRODUCTS_DIR; };
		1C7ACF721B8F00D1004AED95 /* Info.plist */ = {isa = PBXFileReference; lastKnownFileType = text.plist.xml; path = Info.plist; sourceTree = "<group>"; };
		1C7ACF731B8F00D1004AED95 /* main.m */ = {isa = PBXFileReference; lastKnownFileType = sourcecode.c.objc; path = main.m; sourceTree = "<group>"; };
		1C7ACF751B8F00D1004AED95 /* AppDelegate.h */ = {isa = PBXFileReference; lastKnownFileType = sourcecode.c.h; path = AppDelegate.h; sourceTree = "<group>"; };
		1C7ACF761B8F00D1004AED95 /* AppDelegate.m */ = {isa = PBXFileReference; lastKnownFileType = sourcecode.c.objc; path = AppDelegate.m; sourceTree = "<group>"; };
		1C7ACF781B8F00D1004AED95 /* ViewController.h */ = {isa = PBXFileReference; lastKnownFileType = sourcecode.c.h; path = ViewController.h; sourceTree = "<group>"; };
		1C7ACF791B8F00D1004AED95 /* ViewController.m */ = {isa = PBXFileReference; lastKnownFileType = sourcecode.c.objc; path = ViewController.m; sourceTree = "<group>"; };
		1C7ACF7C1B8F00D1004AED95 /* Base */ = {isa = PBXFileReference; lastKnownFileType = file.storyboard; name = Base; path = Base.lproj/Main.storyboard; sourceTree = "<group>"; };
		1C7ACF7E1B8F00D1004AED95 /* Images.xcassets */ = {isa = PBXFileReference; lastKnownFileType = folder.assetcatalog; path = Images.xcassets; sourceTree = "<group>"; };
		1C7ACF811B8F00D1004AED95 /* Base */ = {isa = PBXFileReference; lastKnownFileType = file.xib; name = Base; path = Base.lproj/LaunchScreen.xib; sourceTree = "<group>"; };
		1C7ACF871B8F00D1004AED95 /* CRCityPickerTests.xctest */ = {isa = PBXFileReference; explicitFileType = wrapper.cfbundle; includeInIndex = 0; path = CRCityPickerTests.xctest; sourceTree = BUILT_PRODUCTS_DIR; };
		1C7ACF8C1B8F00D1004AED95 /* Info.plist */ = {isa = PBXFileReference; lastKnownFileType = text.plist.xml; path = Info.plist; sourceTree = "<group>"; };
		1C7ACF8D1B8F00D1004AED95 /* CRCityPickerTests.m */ = {isa = PBXFileReference; lastKnownFileType = sourcecode.c.objc; path = CRCityPickerTests.m; sourceTree = "<group>"; };
/* End PBXFileReference section */

/* Begin PBXFrameworksBuildPhase section */
		1C7ACF6B1B8F00D1004AED95 /* Frameworks */ = {
			isa = PBXFrameworksBuildPhase;
			buildActionMask = 2147483647;
			files = (
			);
			runOnlyForDeploymentPostprocessing = 0;
		};
		1C7ACF841B8F00D1004AED95 /* Frameworks */ = {
			isa = PBXFrameworksBuildPhase;
			buildActionMask = 2147483647;
			files = (
			);
			runOnlyForDeploymentPostprocessing = 0;
		};
/* End PBXFrameworksBuildPhase section */

/* Begin PBXGroup section */
		1C7ACF651B8F00D1004AED95 = {
			isa = PBXGroup;
			children = (
				1C7ACF701B8F00D1004AED95 /* CRCityPicker */,
				1C7ACF8A1B8F00D1004AED95 /* CRCityPickerTests */,
				1C7ACF6F1B8F00D1004AED95 /* Products */,
			);
			sourceTree = "<group>";
		};
		1C7ACF6F1B8F00D1004AED95 /* Products */ = {
			isa = PBXGroup;
			children = (
				1C7ACF6E1B8F00D1004AED95 /* CRCityPicker.app */,
				1C7ACF871B8F00D1004AED95 /* CRCityPickerTests.xctest */,
			);
			name = Products;
			sourceTree = "<group>";
		};
		1C7ACF701B8F00D1004AED95 /* CRCityPicker */ = {
			isa = PBXGroup;
			children = (
				1C7ACF751B8F00D1004AED95 /* AppDelegate.h */,
				1C7ACF761B8F00D1004AED95 /* AppDelegate.m */,
				1C7ACF781B8F00D1004AED95 /* ViewController.h */,
				1C7ACF791B8F00D1004AED95 /* ViewController.m */,
				1C7ACF7B1B8F00D1004AED95 /* Main.storyboard */,
				1C7ACF7E1B8F00D1004AED95 /* Images.xcassets */,
				1C7ACF801B8F00D1004AED95 /* LaunchScreen.xib */,
				1C7ACF711B8F00D1004AED95 /* Supporting Files */,
			);
			path = CRCityPicker;
			sourceTree = "<group>";
		};
		1C7ACF711B8F00D1004AED95 /* Supporting Files */ = {
			isa = PBXGroup;
			children = (
				1C7ACF721B8F00D1004AED95 /* Info.plist */,
				1C7ACF731B8F00D1004AED95 /* main.m */,
			);
			name = "Supporting Files";
			sourceTree = "<group>";
		};
		1C7ACF8A1B8F00D1004AED95 /* CRCityPickerTests */ = {
			isa = PBXGroup;
			children = (
				1C7ACF8D1B8F00D1004AED95 /* CRCityPickerTests.m */,
				1C7ACF8B1B8F00D1004AED95 /* Supporting Files */,
			);
			path = CRCityPickerTests;
			sourceTree = "<group>";
		};
		1C7ACF8B1B8F00D1004AED95 /* Supporting Files */ = {
			isa = PBXGroup;
			children = (
				1C7ACF8C1B8F00D1004AED95 /* Info.plist */,
			);
			name = "Supporting Files";
			sourceTree = "<group>";
		};
/* End PBXGroup section */

/* Begin PBXNativeTarget section */
		1C7ACF6D1B8F00D1004AED95 /* CRCityPicker */ = {
			isa = PBXNativeTarget;
			buildConfigurationList = 1C7ACF911B8F00D1004AED95 /* Build configuration list for PBXNativeTarget "CRCityPicker" */;
			buildPhases = (
				1C7ACF6A1B8F00D1004AED95 /* Sources */,
				1C7ACF6B1B8F00D1004AED95 /* Frameworks */,
				1C7ACF6C1B8F00D1004AED95 /* Resources */,
			);
			buildRules = (
			);
			dependencies = (
			);
			name = CRCityPicker;
			productName = CRCityPicker;
			productReference = 1C7ACF6E1B8F00D1004AED95 /* CRCityPicker.app */;
			productType = "com.apple.product-type.application";
		};
		1C7ACF861B8F00D1004AED95 /* CRCityPickerTests */ = {
			isa = PBXNativeTarget;
			buildConfigurationList = 1C7ACF941B8F00D1004AED95 /* Build configuration list for PBXNativeTarget "CRCityPickerTests" */;
			buildPhases = (
				1C7ACF831B8F00D1004AED95 /* Sources */,
				1C7ACF841B8F00D1004AED95 /* Frameworks */,
				1C7ACF851B8F00D1004AED95 /* Resources */,
			);
			buildRules = (
			);
			dependencies = (
				1C7ACF891B8F00D1004AED95 /* PBXTargetDependency */,
			);
			name = CRCityPickerTests;
			productName = CRCityPickerTests;
			productReference = 1C7ACF871B8F00D1004AED95 /* CRCityPickerTests.xctest */;
			productType = "com.apple.product-type.bundle.unit-test";
		};
/* End PBXNativeTarget section */

/* Begin PBXProject section */
		1C7ACF661B8F00D1004AED95 /* Project object */ = {
			isa = PBXProject;
			attributes = {
				LastUpgradeCheck = 0640;
				ORGANIZATIONNAME = "Roger Abyss";
				TargetAttributes = {
					1C7ACF6D1B8F00D1004AED95 = {
						CreatedOnToolsVersion = 6.4;
					};
					1C7ACF861B8F00D1004AED95 = {
						CreatedOnToolsVersion = 6.4;
						TestTargetID = 1C7ACF6D1B8F00D1004AED95;
					};
				};
			};
			buildConfigurationList = 1C7ACF691B8F00D1004AED95 /* Build configuration list for PBXProject "CRCityPicker" */;
			compatibilityVersion = "Xcode 3.2";
			developmentRegion = English;
			hasScannedForEncodings = 0;
			knownRegions = (
				en,
				Base,
			);
			mainGroup = 1C7ACF651B8F00D1004AED95;
			productRefGroup = 1C7ACF6F1B8F00D1004AED95 /* Products */;
			projectDirPath = "";
			projectRoot = "";
			targets = (
				1C7ACF6D1B8F00D1004AED95 /* CRCityPicker */,
				1C7ACF861B8F00D1004AED95 /* CRCityPickerTests */,
			);
		};
/* End PBXProject section */

/* Begin PBXResourcesBuildPhase section */
		1C7ACF6C1B8F00D1004AED95 /* Resources */ = {
			isa = PBXResourcesBuildPhase;
			buildActionMask = 2147483647;
			files = (
				1C7ACF7D1B8F00D1004AED95 /* Main.storyboard in Resources */,
				1C7ACF821B8F00D1004AED95 /* LaunchScreen.xib in Resources */,
				1C7ACF7F1B8F00D1004AED95 /* Images.xcassets in Resources */,
			);
			runOnlyForDeploymentPostprocessing = 0;
		};
		1C7ACF851B8F00D1004AED95 /* Resources */ = {
			isa = PBXResourcesBuildPhase;
			buildActionMask = 2147483647;
			files = (
			);
			runOnlyForDeploymentPostprocessing = 0;
		};
/* End PBXResourcesBuildPhase section */

/* Begin PBXSourcesBuildPhase section */
		1C7ACF6A1B8F00D1004AED95 /* Sources */ = {
			isa = PBXSourcesBuildPhase;
			buildActionMask = 2147483647;
			files = (
				1C7ACF7A1B8F00D1004AED95 /* ViewController.m in Sources */,
				1C7ACF771B8F00D1004AED95 /* AppDelegate.m in Sources */,
				1C7ACF741B8F00D1004AED95 /* main.m in Sources */,
			);
			runOnlyForDeploymentPostprocessing = 0;
		};
		1C7ACF831B8F00D1004AED95 /* Sources */ = {
			isa = PBXSourcesBuildPhase;
			buildActionMask = 2147483647;
			files = (
				1C7ACF8E1B8F00D1004AED95 /* CRCityPickerTests.m in Sources */,
			);
			runOnlyForDeploymentPostprocessing = 0;
		};
/* End PBXSourcesBuildPhase section */

/* Begin PBXTargetDependency section */
		1C7ACF891B8F00D1004AED95 /* PBXTargetDependency */ = {
			isa = PBXTargetDependency;
			target = 1C7ACF6D1B8F00D1004AED95 /* CRCityPicker */;
			targetProxy = 1C7ACF881B8F00D1004AED95 /* PBXContainerItemProxy */;
		};
/* End PBXTargetDependency section */

/* Begin PBXVariantGroup section */
		1C7ACF7B1B8F00D1004AED95 /* Main.storyboard */ = {
			isa = PBXVariantGroup;
			children = (
				1C7ACF7C1B8F00D1004AED95 /* Base */,
			);
			name = Main.storyboard;
			sourceTree = "<group>";
		};
		1C7ACF801B8F00D1004AED95 /* LaunchScreen.xib */ = {
			isa = PBXVariantGroup;
			children = (
				1C7ACF811B8F00D1004AED95 /* Base */,
			);
			name = LaunchScreen.xib;
			sourceTree = "<group>";
		};
/* End PBXVariantGroup section */

/* Begin XCBuildConfiguration section */
		1C7ACF8F1B8F00D1004AED95 /* Debug */ = {
			isa = XCBuildConfiguration;
			buildSettings = {
				ALWAYS_SEARCH_USER_PATHS = NO;
				CLANG_CXX_LANGUAGE_STANDARD = "gnu++0x";
				CLANG_CXX_LIBRARY = "libc++";
				CLANG_ENABLE_MODULES = YES;
				CLANG_ENABLE_OBJC_ARC = YES;
				CLANG_WARN_BOOL_CONVERSION = YES;
				CLANG_WARN_CONSTANT_CONVERSION = YES;
				CLANG_WARN_DIRECT_OBJC_ISA_USAGE = YES_ERROR;
				CLANG_WARN_EMPTY_BODY = YES;
				CLANG_WARN_ENUM_CONVERSION = YES;
				CLANG_WARN_INT_CONVERSION = YES;
				CLANG_WARN_OBJC_ROOT_CLASS = YES_ERROR;
				CLANG_WARN_UNREACHABLE_CODE = YES;
				CLANG_WARN__DUPLICATE_METHOD_MATCH = YES;
				"CODE_SIGN_IDENTITY[sdk=iphoneos*]" = "iPhone Developer";
				COPY_PHASE_STRIP = NO;
				DEBUG_INFORMATION_FORMAT = "dwarf-with-dsym";
				ENABLE_STRICT_OBJC_MSGSEND = YES;
				GCC_C_LANGUAGE_STANDARD = gnu99;
				GCC_DYNAMIC_NO_PIC = NO;
				GCC_NO_COMMON_BLOCKS = YES;
				GCC_OPTIMIZATION_LEVEL = 0;
				GCC_PREPROCESSOR_DEFINITIONS = (
					"DEBUG=1",
					"$(inherited)",
				);
				GCC_SYMBOLS_PRIVATE_EXTERN = NO;
				GCC_WARN_64_TO_32_BIT_CONVERSION = YES;
				GCC_WARN_ABOUT_RETURN_TYPE = YES_ERROR;
				GCC_WARN_UNDECLARED_SELECTOR = YES;
				GCC_WARN_UNINITIALIZED_AUTOS = YES_AGGRESSIVE;
				GCC_WARN_UNUSED_FUNCTION = YES;
				GCC_WARN_UNUSED_VARIABLE = YES;
				IPHONEOS_DEPLOYMENT_TARGET = 8.4;
				MTL_ENABLE_DEBUG_INFO = YES;
				ONLY_ACTIVE_ARCH = YES;
				SDKROOT = iphoneos;
				TARGETED_DEVICE_FAMILY = "1,2";
			};
			name = Debug;
		};
		1C7ACF901B8F00D1004AED95 /* Release */ = {
			isa = XCBuildConfiguration;
			buildSettings = {
				ALWAYS_SEARCH_USER_PATHS = NO;
				CLANG_CXX_LANGUAGE_STANDARD = "gnu++0x";
				CLANG_CXX_LIBRARY = "libc++";
				CLANG_ENABLE_MODULES = YES;
				CLANG_ENABLE_OBJC_ARC = YES;
				CLANG_WARN_BOOL_CONVERSION = YES;
				CLANG_WARN_CONSTANT_CONVERSION = YES;
				CLANG_WARN_DIRECT_OBJC_ISA_USAGE = YES_ERROR;
				CLANG_WARN_EMPTY_BODY = YES;
				CLANG_WARN_ENUM_CONVERSION = YES;
				CLANG_WARN_INT_CONVERSION = YES;
				CLANG_WARN_OBJC_ROOT_CLASS = YES_ERROR;
				CLANG_WARN_UNREACHABLE_CODE = YES;
				CLANG_WARN__DUPLICATE_METHOD_MATCH = YES;
				"CODE_SIGN_IDENTITY[sdk=iphoneos*]" = "iPhone Developer";
				COPY_PHASE_STRIP = NO;
				DEBUG_INFORMATION_FORMAT = "dwarf-with-dsym";
				ENABLE_NS_ASSERTIONS = NO;
				ENABLE_STRICT_OBJC_MSGSEND = YES;
				GCC_C_LANGUAGE_STANDARD = gnu99;
				GCC_NO_COMMON_BLOCKS = YES;
				GCC_WARN_64_TO_32_BIT_CONVERSION = YES;
				GCC_WARN_ABOUT_RETURN_TYPE = YES_ERROR;
				GCC_WARN_UNDECLARED_SELECTOR = YES;
				GCC_WARN_UNINITIALIZED_AUTOS = YES_AGGRESSIVE;
				GCC_WARN_UNUSED_FUNCTION = YES;
				GCC_WARN_UNUSED_VARIABLE = YES;
				IPHONEOS_DEPLOYMENT_TARGET = 8.4;
				MTL_ENABLE_DEBUG_INFO = NO;
				SDKROOT = iphoneos;
				TARGETED_DEVICE_FAMILY = "1,2";
				VALIDATE_PRODUCT = YES;
			};
			name = Release;
		};
		1C7ACF921B8F00D1004AED95 /* Debug */ = {
			isa = XCBuildConfiguration;
			buildSettings = {
				ASSETCATALOG_COMPILER_APPICON_NAME = AppIcon;
				INFOPLIST_FILE = CRCityPicker/Info.plist;
				LD_RUNPATH_SEARCH_PATHS = "$(inherited) @executable_path/Frameworks";
				PRODUCT_NAME = "$(TARGET_NAME)";
			};
			name = Debug;
		};
		1C7ACF931B8F00D1004AED95 /* Release */ = {
			isa = XCBuildConfiguration;
			buildSettings = {
				ASSETCATALOG_COMPILER_APPICON_NAME = AppIcon;
				INFOPLIST_FILE = CRCityPicker/Info.plist;
				LD_RUNPATH_SEARCH_PATHS = "$(inherited) @executable_path/Frameworks";
				PRODUCT_NAME = "$(TARGET_NAME)";
			};
			name = Release;
		};
		1C7ACF951B8F00D1004AED95 /* Debug */ = {
			isa = XCBuildConfiguration;
			buildSettings = {
				BUNDLE_LOADER = "$(TEST_HOST)";
				FRAMEWORK_SEARCH_PATHS = (
					"$(SDKROOT)/Developer/Library/Frameworks",
					"$(inherited)",
				);
				GCC_PREPROCESSOR_DEFINITIONS = (
					"DEBUG=1",
					"$(inherited)",
				);
				INFOPLIST_FILE = CRCityPickerTests/Info.plist;
				LD_RUNPATH_SEARCH_PATHS = "$(inherited) @executable_path/Frameworks @loader_path/Frameworks";
				PRODUCT_NAME = "$(TARGET_NAME)";
				TEST_HOST = "$(BUILT_PRODUCTS_DIR)/CRCityPicker.app/CRCityPicker";
			};
			name = Debug;
		};
		1C7ACF961B8F00D1004AED95 /* Release */ = {
			isa = XCBuildConfiguration;
			buildSettings = {
				BUNDLE_LOADER = "$(TEST_HOST)";
				FRAMEWORK_SEARCH_PATHS = (
					"$(SDKROOT)/Developer/Library/Frameworks",
					"$(inherited)",
				);
				INFOPLIST_FILE = CRCityPickerTests/Info.plist;
				LD_RUNPATH_SEARCH_PATHS = "$(inherited) @executable_path/Frameworks @loader_path/Frameworks";
				PRODUCT_NAME = "$(TARGET_NAME)";
				TEST_HOST = "$(BUILT_PRODUCTS_DIR)/CRCityPicker.app/CRCityPicker";
			};
			name = Release;
		};
/* End XCBuildConfiguration section */

/* Begin XCConfigurationList section */
		1C7ACF691B8F00D1004AED95 /* Build configuration list for PBXProject "CRCityPicker" */ = {
			isa = XCConfigurationList;
			buildConfigurations = (
				1C7ACF8F1B8F00D1004AED95 /* Debug */,
				1C7ACF901B8F00D1004AED95 /* Release */,
			);
			defaultConfigurationIsVisible = 0;
			defaultConfigurationName = Release;
		};
		1C7ACF911B8F00D1004AED95 /* Build configuration list for PBXNativeTarget "CRCityPicker" */ = {
			isa = XCConfigurationList;
			buildConfigurations = (
				1C7ACF921B8F00D1004AED95 /* Debug */,
				1C7ACF931B8F00D1004AED95 /* Release */,
			);
			defaultConfigurationIsVisible = 0;
		};
		1C7ACF941B8F00D1004AED95 /* Build configuration list for PBXNativeTarget "CRCityPickerTests" */ = {
			isa = XCConfigurationList;
			buildConfigurations = (
				1C7ACF951B8F00D1004AED95 /* Debug */,
				1C7ACF961B8F00D1004AED95 /* Release */,
			);
			defaultConfigurationIsVisible = 0;
		};
/* End XCConfigurationList section */
	};
	rootObject = 1C7ACF661B8F00D1004AED95 /* Project object */;
}
